// !$*UTF8*$!
{
	archiveVersion = 1;
	classes = {
	};
	objectVersion = 50;
	objects = {

/* Begin PBXBuildFile section */
		71E13A6624EB67130045EEF7 /* AppDelegate.m in Sources */ = {isa = PBXBuildFile; fileRef = 71E13A6524EB67130045EEF7 /* AppDelegate.m */; };
		71E13A6924EB67130045EEF7 /* SceneDelegate.m in Sources */ = {isa = PBXBuildFile; fileRef = 71E13A6824EB67130045EEF7 /* SceneDelegate.m */; };
		71E13A6C24EB67130045EEF7 /* ViewController.m in Sources */ = {isa = PBXBuildFile; fileRef = 71E13A6B24EB67130045EEF7 /* ViewController.m */; };
		71E13A6F24EB67130045EEF7 /* Main.storyboard in Resources */ = {isa = PBXBuildFile; fileRef = 71E13A6D24EB67130045EEF7 /* Main.storyboard */; };
		71E13A7124EB67170045EEF7 /* Assets.xcassets in Resources */ = {isa = PBXBuildFile; fileRef = 71E13A7024EB67170045EEF7 /* Assets.xcassets */; };
		71E13A7424EB67170045EEF7 /* LaunchScreen.storyboard in Resources */ = {isa = PBXBuildFile; fileRef = 71E13A7224EB67170045EEF7 /* LaunchScreen.storyboard */; };
		71E13A7724EB67170045EEF7 /* main.m in Sources */ = {isa = PBXBuildFile; fileRef = 71E13A7624EB67170045EEF7 /* main.m */; };
		71E13A8924EB6DFF0045EEF7 /* MapNavigationManager.m in Sources */ = {isa = PBXBuildFile; fileRef = 71E13A8724EB6DFF0045EEF7 /* MapNavigationManager.m */; };
		71E13A8A24EB6DFF0045EEF7 /* MoLocationManager.m in Sources */ = {isa = PBXBuildFile; fileRef = 71E13A8824EB6DFF0045EEF7 /* MoLocationManager.m */; };
/* End PBXBuildFile section */

/* Begin PBXFileReference section */
		71E13A6124EB67130045EEF7 /* DMapNavDemo.app */ = {isa = PBXFileReference; explicitFileType = wrapper.application; includeInIndex = 0; path = DMapNavDemo.app; sourceTree = BUILT_PRODUCTS_DIR; };
		71E13A6424EB67130045EEF7 /* AppDelegate.h */ = {isa = PBXFileReference; lastKnownFileType = sourcecode.c.h; path = AppDelegate.h; sourceTree = "<group>"; };
		71E13A6524EB67130045EEF7 /* AppDelegate.m */ = {isa = PBXFileReference; lastKnownFileType = sourcecode.c.objc; path = AppDelegate.m; sourceTree = "<group>"; };
		71E13A6724EB67130045EEF7 /* SceneDelegate.h */ = {isa = PBXFileReference; lastKnownFileType = sourcecode.c.h; path = SceneDelegate.h; sourceTree = "<group>"; };
		71E13A6824EB67130045EEF7 /* SceneDelegate.m */ = {isa = PBXFileReference; lastKnownFileType = sourcecode.c.objc; path = SceneDelegate.m; sourceTree = "<group>"; };
		71E13A6A24EB67130045EEF7 /* ViewController.h */ = {isa = PBXFileReference; lastKnownFileType = sourcecode.c.h; path = ViewController.h; sourceTree = "<group>"; };
		71E13A6B24EB67130045EEF7 /* ViewController.m */ = {isa = PBXFileReference; lastKnownFileType = sourcecode.c.objc; path = ViewController.m; sourceTree = "<group>"; };
		71E13A6E24EB67130045EEF7 /* Base */ = {isa = PBXFileReference; lastKnownFileType = file.storyboard; name = Base; path = Base.lproj/Main.storyboard; sourceTree = "<group>"; };
		71E13A7024EB67170045EEF7 /* Assets.xcassets */ = {isa = PBXFileReference; lastKnownFileType = folder.assetcatalog; path = Assets.xcassets; sourceTree = "<group>"; };
		71E13A7324EB67170045EEF7 /* Base */ = {isa = PBXFileReference; lastKnownFileType = file.storyboard; name = Base; path = Base.lproj/LaunchScreen.storyboard; sourceTree = "<group>"; };
		71E13A7524EB67170045EEF7 /* Info.plist */ = {isa = PBXFileReference; lastKnownFileType = text.plist.xml; path = Info.plist; sourceTree = "<group>"; };
		71E13A7624EB67170045EEF7 /* main.m */ = {isa = PBXFileReference; lastKnownFileType = sourcecode.c.objc; path = main.m; sourceTree = "<group>"; };
		71E13A8524EB6DFF0045EEF7 /* MoLocationManager.h */ = {isa = PBXFileReference; fileEncoding = 4; lastKnownFileType = sourcecode.c.h; path = MoLocationManager.h; sourceTree = "<group>"; };
		71E13A8624EB6DFF0045EEF7 /* MapNavigationManager.h */ = {isa = PBXFileReference; fileEncoding = 4; lastKnownFileType = sourcecode.c.h; path = MapNavigationManager.h; sourceTree = "<group>"; };
		71E13A8724EB6DFF0045EEF7 /* MapNavigationManager.m */ = {isa = PBXFileReference; fileEncoding = 4; lastKnownFileType = sourcecode.c.objc; path = MapNavigationManager.m; sourceTree = "<group>"; };
		71E13A8824EB6DFF0045EEF7 /* MoLocationManager.m */ = {isa = PBXFileReference; fileEncoding = 4; lastKnownFileType = sourcecode.c.objc; path = MoLocationManager.m; sourceTree = "<group>"; };
/* End PBXFileReference section */

/* Begin PBXFrameworksBuildPhase section */
		71E13A5E24EB67130045EEF7 /* Frameworks */ = {
			isa = PBXFrameworksBuildPhase;
			buildActionMask = 2147483647;
			files = (
			);
			runOnlyForDeploymentPostprocessing = 0;
		};
/* End PBXFrameworksBuildPhase section */

/* Begin PBXGroup section */
		71E13A5824EB67130045EEF7 = {
			isa = PBXGroup;
			children = (
				71E13A6324EB67130045EEF7 /* DMapNavDemo */,
				71E13A6224EB67130045EEF7 /* Products */,
			);
			sourceTree = "<group>";
		};
		71E13A6224EB67130045EEF7 /* Products */ = {
			isa = PBXGroup;
			children = (
				71E13A6124EB67130045EEF7 /* DMapNavDemo.app */,
			);
			name = Products;
			sourceTree = "<group>";
		};
		71E13A6324EB67130045EEF7 /* DMapNavDemo */ = {
			isa = PBXGroup;
			children = (
				71E13A8424EB6DFF0045EEF7 /* DMapNav */,
				71E13A6424EB67130045EEF7 /* AppDelegate.h */,
				71E13A6524EB67130045EEF7 /* AppDelegate.m */,
				71E13A6724EB67130045EEF7 /* SceneDelegate.h */,
				71E13A6824EB67130045EEF7 /* SceneDelegate.m */,
				71E13A6A24EB67130045EEF7 /* ViewController.h */,
				71E13A6B24EB67130045EEF7 /* ViewController.m */,
				71E13A6D24EB67130045EEF7 /* Main.storyboard */,
				71E13A7024EB67170045EEF7 /* Assets.xcassets */,
				71E13A7224EB67170045EEF7 /* LaunchScreen.storyboard */,
				71E13A7524EB67170045EEF7 /* Info.plist */,
				71E13A7624EB67170045EEF7 /* main.m */,
			);
			path = DMapNavDemo;
			sourceTree = "<group>";
		};
		71E13A8424EB6DFF0045EEF7 /* DMapNav */ = {
			isa = PBXGroup;
			children = (
				71E13A8524EB6DFF0045EEF7 /* MoLocationManager.h */,
				71E13A8624EB6DFF0045EEF7 /* MapNavigationManager.h */,
				71E13A8724EB6DFF0045EEF7 /* MapNavigationManager.m */,
				71E13A8824EB6DFF0045EEF7 /* MoLocationManager.m */,
			);
			path = DMapNav;
			sourceTree = "<group>";
		};
/* End PBXGroup section */

/* Begin PBXNativeTarget section */
		71E13A6024EB67130045EEF7 /* DMapNavDemo */ = {
			isa = PBXNativeTarget;
			buildConfigurationList = 71E13A7A24EB67170045EEF7 /* Build configuration list for PBXNativeTarget "DMapNavDemo" */;
			buildPhases = (
				71E13A5D24EB67130045EEF7 /* Sources */,
				71E13A5E24EB67130045EEF7 /* Frameworks */,
				71E13A5F24EB67130045EEF7 /* Resources */,
			);
			buildRules = (
			);
			dependencies = (
			);
			name = DMapNavDemo;
			productName = DMapNavDemo;
			productReference = 71E13A6124EB67130045EEF7 /* DMapNavDemo.app */;
			productType = "com.apple.product-type.application";
		};
/* End PBXNativeTarget section */

/* Begin PBXProject section */
		71E13A5924EB67130045EEF7 /* Project object */ = {
			isa = PBXProject;
			attributes = {
				LastUpgradeCheck = 1160;
				ORGANIZATIONNAME = YAND;
				TargetAttributes = {
					71E13A6024EB67130045EEF7 = {
						CreatedOnToolsVersion = 11.6;
					};
				};
			};
			buildConfigurationList = 71E13A5C24EB67130045EEF7 /* Build configuration list for PBXProject "DMapNavDemo" */;
			compatibilityVersion = "Xcode 9.3";
			developmentRegion = en;
			hasScannedForEncodings = 0;
			knownRegions = (
				en,
				Base,
			);
			mainGroup = 71E13A5824EB67130045EEF7;
			productRefGroup = 71E13A6224EB67130045EEF7 /* Products */;
			projectDirPath = "";
			projectRoot = "";
			targets = (
				71E13A6024EB67130045EEF7 /* DMapNavDemo */,
			);
		};
/* End PBXProject section */

/* Begin PBXResourcesBuildPhase section */
		71E13A5F24EB67130045EEF7 /* Resources */ = {
			isa = PBXResourcesBuildPhase;
			buildActionMask = 2147483647;
			files = (
				71E13A7424EB67170045EEF7 /* LaunchScreen.storyboard in Resources */,
				71E13A7124EB67170045EEF7 /* Assets.xcassets in Resources */,
				71E13A6F24EB67130045EEF7 /* Main.storyboard in Resources */,
			);
			runOnlyForDeploymentPostprocessing = 0;
		};
/* End PBXResourcesBuildPhase section */

/* Begin PBXSourcesBuildPhase section */
		71E13A5D24EB67130045EEF7 /* Sources */ = {
			isa = PBXSourcesBuildPhase;
			buildActionMask = 2147483647;
			files = (
				71E13A8A24EB6DFF0045EEF7 /* MoLocationManager.m in Sources */,
				71E13A8924EB6DFF0045EEF7 /* MapNavigationManager.m in Sources */,
				71E13A6C24EB67130045EEF7 /* ViewController.m in Sources */,
				71E13A6624EB67130045EEF7 /* AppDelegate.m in Sources */,
				71E13A7724EB67170045EEF7 /* main.m in Sources */,
				71E13A6924EB67130045EEF7 /* SceneDelegate.m in Sources */,
			);
			runOnlyForDeploymentPostprocessing = 0;
		};
/* End PBXSourcesBuildPhase section */

/* Begin PBXVariantGroup section */
		71E13A6D24EB67130045EEF7 /* Main.storyboard */ = {
			isa = PBXVariantGroup;
			children = (
				71E13A6E24EB67130045EEF7 /* Base */,
			);
			name = Main.storyboard;
			sourceTree = "<group>";
		};
		71E13A7224EB67170045EEF7 /* LaunchScreen.storyboard */ = {
			isa = PBXVariantGroup;
			children = (
				71E13A7324EB67170045EEF7 /* Base */,
			);
			name = LaunchScreen.storyboard;
			sourceTree = "<group>";
		};
/* End PBXVariantGroup section */

/* Begin XCBuildConfiguration section */
		71E13A7824EB67170045EEF7 /* Debug */ = {
			isa = XCBuildConfiguration;
			buildSettings = {
				ALWAYS_SEARCH_USER_PATHS = NO;
				CLANG_ANALYZER_NONNULL = YES;
				CLANG_ANALYZER_NUMBER_OBJECT_CONVERSION = YES_AGGRESSIVE;
				CLANG_CXX_LANGUAGE_STANDARD = "gnu++14";
				CLANG_CXX_LIBRARY = "libc++";
				CLANG_ENABLE_MODULES = YES;
				CLANG_ENABLE_OBJC_ARC = YES;
				CLANG_ENABLE_OBJC_WEAK = YES;
				CLANG_WARN_BLOCK_CAPTURE_AUTORELEASING = YES;
				CLANG_WARN_BOOL_CONVERSION = YES;
				CLANG_WARN_COMMA = YES;
				CLANG_WARN_CONSTANT_CONVERSION = YES;
				CLANG_WARN_DEPRECATED_OBJC_IMPLEMENTATIONS = YES;
				CLANG_WARN_DIRECT_OBJC_ISA_USAGE = YES_ERROR;
				CLANG_WARN_DOCUMENTATION_COMMENTS = YES;
				CLANG_WARN_EMPTY_BODY = YES;
				CLANG_WARN_ENUM_CONVERSION = YES;
				CLANG_WARN_INFINITE_RECURSION = YES;
				CLANG_WARN_INT_CONVERSION = YES;
				CLANG_WARN_NON_LITERAL_NULL_CONVERSION = YES;
				CLANG_WARN_OBJC_IMPLICIT_RETAIN_SELF = YES;
				CLANG_WARN_OBJC_LITERAL_CONVERSION = YES;
				CLANG_WARN_OBJC_ROOT_CLASS = YES_ERROR;
				CLANG_WARN_RANGE_LOOP_ANALYSIS = YES;
				CLANG_WARN_STRICT_PROTOTYPES = YES;
				CLANG_WARN_SUSPICIOUS_MOVE = YES;
				CLANG_WARN_UNGUARDED_AVAILABILITY = YES_AGGRESSIVE;
				CLANG_WARN_UNREACHABLE_CODE = YES;
				CLANG_WARN__DUPLICATE_METHOD_MATCH = YES;
				COPY_PHASE_STRIP = NO;
				DEBUG_INFORMATION_FORMAT = dwarf;
				ENABLE_STRICT_OBJC_MSGSEND = YES;
				ENABLE_TESTABILITY = YES;
				GCC_C_LANGUAGE_STANDARD = gnu11;
				GCC_DYNAMIC_NO_PIC = NO;
				GCC_NO_COMMON_BLOCKS = YES;
				GCC_OPTIMIZATION_LEVEL = 0;
				GCC_PREPROCESSOR_DEFINITIONS = (
					"DEBUG=1",
					"$(inherited)",
				);
				GCC_WARN_64_TO_32_BIT_CONVERSION = YES;
				GCC_WARN_ABOUT_RETURN_TYPE = YES_ERROR;
				GCC_WARN_UNDECLARED_SELECTOR = YES;
				GCC_WARN_UNINITIALIZED_AUTOS = YES_AGGRESSIVE;
				GCC_WARN_UNUSED_FUNCTION = YES;
				GCC_WARN_UNUSED_VARIABLE = YES;
				IPHONEOS_DEPLOYMENT_TARGET = 13.0;
				MTL_ENABLE_DEBUG_INFO = INCLUDE_SOURCE;
				MTL_FAST_MATH = YES;
				ONLY_ACTIVE_ARCH = YES;
				SDKROOT = iphoneos;
			};
			name = Debug;
		};
		71E13A7924EB67170045EEF7 /* Release */ = {
			isa = XCBuildConfiguration;
			buildSettings = {
				ALWAYS_SEARCH_USER_PATHS = NO;
				CLANG_ANALYZER_NONNULL = YES;
				CLANG_ANALYZER_NUMBER_OBJECT_CONVERSION = YES_AGGRESSIVE;
				CLANG_CXX_LANGUAGE_STANDARD = "gnu++14";
				CLANG_CXX_LIBRARY = "libc++";
				CLANG_ENABLE_MODULES = YES;
				CLANG_ENABLE_OBJC_ARC = YES;
				CLANG_ENABLE_OBJC_WEAK = YES;
				CLANG_WARN_BLOCK_CAPTURE_AUTORELEASING = YES;
				CLANG_WARN_BOOL_CONVERSION = YES;
				CLANG_WARN_COMMA = YES;
				CLANG_WARN_CONSTANT_CONVERSION = YES;
				CLANG_WARN_DEPRECATED_OBJC_IMPLEMENTATIONS = YES;
				CLANG_WARN_DIRECT_OBJC_ISA_USAGE = YES_ERROR;
				CLANG_WARN_DOCUMENTATION_COMMENTS = YES;
				CLANG_WARN_EMPTY_BODY = YES;
				CLANG_WARN_ENUM_CONVERSION = YES;
				CLANG_WARN_INFINITE_RECURSION = YES;
				CLANG_WARN_INT_CONVERSION = YES;
				CLANG_WARN_NON_LITERAL_NULL_CONVERSION = YES;
				CLANG_WARN_OBJC_IMPLICIT_RETAIN_SELF = YES;
				CLANG_WARN_OBJC_LITERAL_CONVERSION = YES;
				CLANG_WARN_OBJC_ROOT_CLASS = YES_ERROR;
				CLANG_WARN_RANGE_LOOP_ANALYSIS = YES;
				CLANG_WARN_STRICT_PROTOTYPES = YES;
				CLANG_WARN_SUSPICIOUS_MOVE = YES;
				CLANG_WARN_UNGUARDED_AVAILABILITY = YES_AGGRESSIVE;
				CLANG_WARN_UNREACHABLE_CODE = YES;
				CLANG_WARN__DUPLICATE_METHOD_MATCH = YES;
				COPY_PHASE_STRIP = NO;
				DEBUG_INFORMATION_FORMAT = "dwarf-with-dsym";
				ENABLE_NS_ASSERTIONS = NO;
				ENABLE_STRICT_OBJC_MSGSEND = YES;
				GCC_C_LANGUAGE_STANDARD = gnu11;
				GCC_NO_COMMON_BLOCKS = YES;
				GCC_WARN_64_TO_32_BIT_CONVERSION = YES;
				GCC_WARN_ABOUT_RETURN_TYPE = YES_ERROR;
				GCC_WARN_UNDECLARED_SELECTOR = YES;
				GCC_WARN_UNINITIALIZED_AUTOS = YES_AGGRESSIVE;
				GCC_WARN_UNUSED_FUNCTION = YES;
				GCC_WARN_UNUSED_VARIABLE = YES;
				IPHONEOS_DEPLOYMENT_TARGET = 13.0;
				MTL_ENABLE_DEBUG_INFO = NO;
				MTL_FAST_MATH = YES;
				SDKROOT = iphoneos;
				VALIDATE_PRODUCT = YES;
			};
			name = Release;
		};
		71E13A7B24EB67170045EEF7 /* Debug */ = {
			isa = XCBuildConfiguration;
			buildSettings = {
				ASSETCATALOG_COMPILER_APPICON_NAME = AppIcon;
				CODE_SIGN_STYLE = Automatic;
				DEVELOPMENT_TEAM = 3P6QX958Y2;
				INFOPLIST_FILE = DMapNavDemo/Info.plist;
				LD_RUNPATH_SEARCH_PATHS = (
					"$(inherited)",
					"@executable_path/Frameworks",
				);
				PRODUCT_BUNDLE_IDENTIFIER = cc.zzcz.DMapNavDemo;
				PRODUCT_NAME = "$(TARGET_NAME)";
				TARGETED_DEVICE_FAMILY = "1,2";
			};
			name = Debug;
		};
		71E13A7C24EB67170045EEF7 /* Release */ = {
			isa = XCBuildConfiguration;
			buildSettings = {
				ASSETCATALOG_COMPILER_APPICON_NAME = AppIcon;
				CODE_SIGN_STYLE = Automatic;
				DEVELOPMENT_TEAM = 3P6QX958Y2;
				INFOPLIST_FILE = DMapNavDemo/Info.plist;
				LD_RUNPATH_SEARCH_PATHS = (
					"$(inherited)",
					"@executable_path/Frameworks",
				);
				PRODUCT_BUNDLE_IDENTIFIER = cc.zzcz.DMapNavDemo;
				PRODUCT_NAME = "$(TARGET_NAME)";
				TARGETED_DEVICE_FAMILY = "1,2";
			};
			name = Release;
		};
/* End XCBuildConfiguration section */

/* Begin XCConfigurationList section */
		71E13A5C24EB67130045EEF7 /* Build configuration list for PBXProject "DMapNavDemo" */ = {
			isa = XCConfigurationList;
			buildConfigurations = (
				71E13A7824EB67170045EEF7 /* Debug */,
				71E13A7924EB67170045EEF7 /* Release */,
			);
			defaultConfigurationIsVisible = 0;
			defaultConfigurationName = Release;
		};
		71E13A7A24EB67170045EEF7 /* Build configuration list for PBXNativeTarget "DMapNavDemo" */ = {
			isa = XCConfigurationList;
			buildConfigurations = (
				71E13A7B24EB67170045EEF7 /* Debug */,
				71E13A7C24EB67170045EEF7 /* Release */,
			);
			defaultConfigurationIsVisible = 0;
			defaultConfigurationName = Release;
		};
/* End XCConfigurationList section */
	};
	rootObject = 71E13A5924EB67130045EEF7 /* Project object */;
}
